{
  "R": {
    "Version": "4.5.0",
    "Repositories": [
      {
        "Name": "BioCsoft",
        "URL": "https://bioconductor.org/packages/3.22/bioc"
      },
      {
        "Name": "BioCann",
        "URL": "https://bioconductor.org/packages/3.22/data/annotation"
      },
      {
        "Name": "BioCexp",
        "URL": "https://bioconductor.org/packages/3.22/data/experiment"
      },
      {
        "Name": "BioCworkflows",
        "URL": "https://bioconductor.org/packages/3.22/workflows"
      },
      {
        "Name": "BioCbooks",
        "URL": "https://bioconductor.org/packages/3.22/books"
      },
      {
        "Name": "CRAN",
        "URL": "https://p3m.dev/cran/latest"
      }
    ]
  },
  "Bioconductor": {
    "Version": "3.22"
  },
  "Packages": {
    "BiocManager": {
      "Package": "BiocManager",
      "Version": "1.30.27",
      "Source": "Repository",
      "Title": "Access the Bioconductor Project Package Repository",
      "Description": "A convenient tool to install and update Bioconductor packages.",
      "Authors@R": "c( person(\"Martin\", \"Morgan\", email = \"martin.morgan@roswellpark.org\", role = \"aut\", comment = c(ORCID = \"0000-0002-5874-8148\")), person(\"Marcel\", \"Ramos\", email = \"marcel.ramos@sph.cuny.edu\", role = c(\"aut\", \"cre\"), comment = c(ORCID = \"0000-0002-3242-0582\")))",
      "Imports": [
        "utils"
      ],
      "Suggests": [
        "BiocVersion",
        "BiocStyle",
        "remotes",
        "rmarkdown",
        "testthat",
        "withr",
        "curl",
        "knitr"
      ],
      "URL": "https://bioconductor.github.io/BiocManager/",
      "BugReports": "https://github.com/Bioconductor/BiocManager/issues",
      "VignetteBuilder": "knitr",
      "License": "Artistic-2.0",
      "Encoding": "UTF-8",
      "RoxygenNote": "7.3.2",
      "NeedsCompilation": "no",
      "Author": "Martin Morgan [aut] (ORCID: <https://orcid.org/0000-0002-5874-8148>), Marcel Ramos [aut, cre] (ORCID: <https://orcid.org/0000-0002-3242-0582>)",
      "Maintainer": "Marcel Ramos <marcel.ramos@sph.cuny.edu>",
      "Repository": "CRAN"
    },
    "BiocVersion": {
      "Package": "BiocVersion",
      "Version": "3.22.0",
      "Source": "Bioconductor",
      "Title": "Set the appropriate version of Bioconductor packages",
      "Description": "This package provides repository information for the appropriate version of Bioconductor.",
      "Authors@R": "c( person(\"Martin\", \"Morgan\", email = \"martin.morgan@roswellpark.org\", role = \"aut\"), person(\"Marcel\", \"Ramos\", email = \"marcel.ramos@sph.cuny.edu\", role = \"ctb\"), person(\"Bioconductor\", \"Package Maintainer\", email  = \"maintainer@bioconductor.org\", role = c(\"ctb\", \"cre\")))",
      "biocViews": "Infrastructure",
      "Depends": [
        "R (>= 4.5.0)"
      ],
      "License": "Artistic-2.0",
      "Encoding": "UTF-8",
      "RoxygenNote": "6.0.1",
      "git_url": "https://git.bioconductor.org/packages/BiocVersion",
      "git_branch": "devel",
      "git_last_commit": "fea53ac",
      "git_last_commit_date": "2025-04-15",
      "Repository": "Bioconductor 3.22",
      "NeedsCompilation": "no",
      "Author": "Martin Morgan [aut], Marcel Ramos [ctb], Bioconductor Package Maintainer [ctb, cre]",
      "Maintainer": "Bioconductor Package Maintainer <maintainer@bioconductor.org>"
    },
    "Rhdf5lib": {
      "Package": "Rhdf5lib",
      "Version": "1.32.0",
      "Source": "Bioconductor",
      "Type": "Package",
      "Title": "hdf5 library as an R package",
      "Authors@R": "c( person( \"Mike\", \"Smith\", role = \"ctb\", comment = c(ORCID = \"0000-0002-7800-3848\") ), person( \"Hugo\", \"Gruson\", role = \"cre\", email = \"hugo.gruson@embl.de\", comment = c(ORCID = \"0000-0002-4094-1476\")) , person( given = \"The HDF Group\", role = \"cph\" ) )",
      "Description": "Provides C and C++ hdf5 libraries.",
      "License": "Artistic-2.0",
      "Copyright": "src/hdf5/COPYING",
      "LazyLoad": "true",
      "VignetteBuilder": "knitr",
      "Depends": [
        "R (>= 4.2.0)"
      ],
      "Suggests": [
        "BiocStyle",
        "knitr",
        "rmarkdown",
        "tinytest",
        "mockery"
      ],
      "URL": "https://github.com/Huber-group-EMBL/Rhdf5lib",
      "BugReports": "https://github.com/Huber-group-EMBL/Rhdf5lib/issues",
      "SystemRequirements": "GNU make",
      "Encoding": "UTF-8",
      "biocViews": "Infrastructure",
      "RoxygenNote": "7.1.2",
      "git_url": "https://git.bioconductor.org/packages/Rhdf5lib",
      "git_branch": "RELEASE_3_22",
      "git_last_commit": "f62ae28",
      "git_last_commit_date": "2025-10-29",
      "Repository": "Bioconductor 3.22",
      "NeedsCompilation": "yes",
      "Author": "Mike Smith [ctb] (ORCID: <https://orcid.org/0000-0002-7800-3848>), Hugo Gruson [cre] (ORCID: <https://orcid.org/0000-0002-4094-1476>), The HDF Group [cph]",
      "Maintainer": "Hugo Gruson <hugo.gruson@embl.de>"
    },
    "renv": {
      "Package": "renv",
      "Version": "1.1.5",
      "Source": "Repository",
      "Type": "Package",
      "Title": "Project Environments",
      "Authors@R": "c( person(\"Kevin\", \"Ushey\", role = c(\"aut\", \"cre\"), email = \"kevin@rstudio.com\", comment = c(ORCID = \"0000-0003-2880-7407\")), person(\"Hadley\", \"Wickham\", role = c(\"aut\"), email = \"hadley@rstudio.com\", comment = c(ORCID = \"0000-0003-4757-117X\")), person(\"Posit Software, PBC\", role = c(\"cph\", \"fnd\")) )",
      "Description": "A dependency management toolkit for R. Using 'renv', you can create and manage project-local R libraries, save the state of these libraries to a 'lockfile', and later restore your library as required. Together, these tools can help make your projects more isolated, portable, and reproducible.",
      "License": "MIT + file LICENSE",
      "URL": "https://rstudio.github.io/renv/, https://github.com/rstudio/renv",
      "BugReports": "https://github.com/rstudio/renv/issues",
      "Imports": [
        "utils"
      ],
      "Suggests": [
        "BiocManager",
        "cli",
        "compiler",
        "covr",
        "cpp11",
        "devtools",
        "generics",
        "gitcreds",
        "jsonlite",
        "jsonvalidate",
        "knitr",
        "miniUI",
        "modules",
        "packrat",
        "pak",
        "R6",
        "remotes",
        "reticulate",
        "rmarkdown",
        "rstudioapi",
        "shiny",
        "testthat",
        "uuid",
        "waldo",
        "yaml",
        "webfakes"
      ],
      "Encoding": "UTF-8",
      "RoxygenNote": "7.3.2",
      "VignetteBuilder": "knitr",
      "Config/Needs/website": "tidyverse/tidytemplate",
      "Config/testthat/edition": "3",
      "Config/testthat/parallel": "true",
      "Config/testthat/start-first": "bioconductor,python,install,restore,snapshot,retrieve,remotes",
      "NeedsCompilation": "no",
      "Author": "Kevin Ushey [aut, cre] (ORCID: <https://orcid.org/0000-0003-2880-7407>), Hadley Wickham [aut] (ORCID: <https://orcid.org/0000-0003-4757-117X>), Posit Software, PBC [cph, fnd]",
      "Maintainer": "Kevin Ushey <kevin@rstudio.com>",
      "Repository": "RSPM"
    },
    "rhdf5": {
      "Package": "rhdf5",
      "Version": "2.54.1",
      "Source": "Bioconductor",
      "Type": "Package",
      "Title": "R Interface to HDF5",
      "Authors@R": "c( person(\"Bernd\", \"Fischer\", role = \"aut\"), person( \"Mike\", \"Smith\", role= \"aut\", comment = c(ORCID = \"0000-0002-7800-3848\", \"Maintainer from 2017 to 2025\") ), person(\"Gregoire\", \"Pau\", role=\"aut\"), person(\"Martin\", \"Morgan\", role = \"ctb\"), person(\"Daniel\", \"van Twisk\", role = \"ctb\"), person( \"Hugo\", \"Gruson\", role = \"cre\", email = \"hugo.gruson@embl.de\", comment = c(ORCID = \"0000-0002-4094-1476\") ) )",
      "Description": "This package provides an interface between HDF5 and R. HDF5's main features are the ability to store and access very large and/or complex datasets and a wide variety of metadata on mass storage (disk) through a completely portable file format. The rhdf5 package is thus suited for the exchange of large and/or complex datasets between R and other software package, and for letting R applications work on datasets that are larger than the available RAM.",
      "License": "Artistic-2.0",
      "URL": "https://github.com/Huber-group-EMBL/rhdf5",
      "BugReports": "https://github.com/Huber-group-EMBL/rhdf5/issues",
      "LazyLoad": "true",
      "VignetteBuilder": "knitr",
      "Imports": [
        "Rhdf5lib (>= 1.13.4)",
        "rhdf5filters (>= 1.15.5)"
      ],
      "Depends": [
        "R (>= 4.0.0)",
        "methods"
      ],
      "Suggests": [
        "bit64",
        "BiocStyle",
        "knitr",
        "rmarkdown",
        "testthat",
        "bench",
        "dplyr",
        "ggplot2",
        "mockery",
        "BiocParallel"
      ],
      "LinkingTo": [
        "Rhdf5lib"
      ],
      "SystemRequirements": "GNU make",
      "biocViews": "Infrastructure, DataImport",
      "Encoding": "UTF-8",
      "Roxygen": "list(markdown = TRUE)",
      "RoxygenNote": "7.3.3",
      "git_url": "https://git.bioconductor.org/packages/rhdf5",
      "git_branch": "RELEASE_3_22",
      "git_last_commit": "7f691e4",
      "git_last_commit_date": "2025-12-02",
      "Repository": "Bioconductor 3.22",
      "NeedsCompilation": "yes",
      "Author": "Bernd Fischer [aut], Mike Smith [aut] (ORCID: <https://orcid.org/0000-0002-7800-3848>, Maintainer from 2017 to 2025), Gregoire Pau [aut], Martin Morgan [ctb], Daniel van Twisk [ctb], Hugo Gruson [cre] (ORCID: <https://orcid.org/0000-0002-4094-1476>)",
      "Maintainer": "Hugo Gruson <hugo.gruson@embl.de>"
    },
    "rhdf5filters": {
      "Package": "rhdf5filters",
      "Version": "1.22.0",
      "Source": "Bioconductor",
      "Type": "Package",
      "Title": "HDF5 Compression Filters",
      "Authors@R": "c( person(\"Mike\", \"Smith\", role = c(\"aut\", \"ccp\"), comment = c(ORCID = \"0000-0002-7800-3848\") ), person(\"Hugo\", \"Gruson\", role = \"cre\", email = \"hugo.gruson@embl.de\", comment = c(ORCID = \"0000-0002-4094-1476\") ) )",
      "Description": "Provides a collection of additional compression filters for HDF5 datasets. The package is intended to provide seemless integration with rhdf5, however the compiled filters can also be used with external applications.",
      "License": "BSD_2_clause + file LICENSE",
      "LazyLoad": "true",
      "VignetteBuilder": "knitr",
      "Suggests": [
        "BiocStyle",
        "knitr",
        "rmarkdown",
        "tinytest",
        "rhdf5 (>= 2.47.7)"
      ],
      "SystemRequirements": "GNU make",
      "URL": "https://github.com/Huber-group-EMBL/rhdf5filters",
      "BugReports": "https://github.com/Huber-group-EMBL/rhdf5filters/issues",
      "LinkingTo": [
        "Rhdf5lib"
      ],
      "RoxygenNote": "7.3.2",
      "Encoding": "UTF-8",
      "biocViews": "Infrastructure, DataImport",
      "git_url": "https://git.bioconductor.org/packages/rhdf5filters",
      "git_branch": "RELEASE_3_22",
      "git_last_commit": "3465c24",
      "git_last_commit_date": "2025-10-29",
      "Repository": "Bioconductor 3.22",
      "NeedsCompilation": "yes",
      "Author": "Mike Smith [aut, ccp] (ORCID: <https://orcid.org/0000-0002-7800-3848>), Hugo Gruson [cre] (ORCID: <https://orcid.org/0000-0002-4094-1476>)",
      "Maintainer": "Hugo Gruson <hugo.gruson@embl.de>"
    }
  }
}
